PODS:
  - Alamofire (3.3.1)
  - Keys (1.0.0)
  - SwiftyDropbox (3.1.0):
    - Alamofire (~> 3.3.1)
  - SwiftyTimer (1.4.0)

DEPENDENCIES:
  - Keys (from `Pods/CocoaPodsKeys`)
  - SwiftyDropbox
  - SwiftyTimer

EXTERNAL SOURCES:
  Keys:
    :path: Pods/CocoaPodsKeys

SPEC CHECKSUMS:
  Alamofire: 369bc67b6f5ac33ded3648d7bd21c5bfb91c2ecc
  Keys: 9c35bf00f612ee1d48556f4a4b9b4551e224e90f
  SwiftyDropbox: 30ef3a666c9c9aabd23e6c421b9c3d5b9b335a62
  SwiftyTimer: db4458cfaf67fc71e16ad6e4637c60b86f76a649

PODFILE CHECKSUM: 696f65eb339f84cf1041d194ab82f89de051a30c

COCOAPODS: 1.0.1
