PODS:
  - Alamofire (3.3.1)
  - Result (2.1.3)
  - SwiftyDropbox (3.1.0):
    - Alamofire (~> 3.3.1)
  - SwiftyTimer (1.4.0)

DEPENDENCIES:
  - Result
  - SwiftyDropbox
  - SwiftyTimer

SPEC CHECKSUMS:
  Alamofire: 369bc67b6f5ac33ded3648d7bd21c5bfb91c2ecc
  Result: 18e1a7597fbcca5923c565b40a25a98afafdee02
  SwiftyDropbox: 30ef3a666c9c9aabd23e6c421b9c3d5b9b335a62
  SwiftyTimer: db4458cfaf67fc71e16ad6e4637c60b86f76a649

PODFILE CHECKSUM: c51bea8b835bb7b52032c6cdbc1b42b088c82f28

COCOAPODS: 1.0.1
