PODS:
  - Alamofire (4.0.0)
  - Result (3.0.0)
  - SwiftyDropbox (4.0.1):
    - Alamofire (~> 4.0.0)
  - SwiftyTimer (1.4.0)

DEPENDENCIES:
  - Result
  - SwiftyDropbox
  - SwiftyTimer (from `https://github.com/radex/SwiftyTimer.git`, branch `swift3`)

EXTERNAL SOURCES:
  SwiftyTimer:
    :branch: swift3
    :git: https://github.com/radex/SwiftyTimer.git

CHECKOUT OPTIONS:
  SwiftyTimer:
    :commit: 8cb3860bfef05fc86860b73398a02b96ae0b789b
    :git: https://github.com/radex/SwiftyTimer.git

SPEC CHECKSUMS:
  Alamofire: fef59f00388f267e52d9b432aa5d93dc97190f14
  Result: 1b3e431f37cbcd3ad89c6aa9ab0ae55515fae3b6
  SwiftyDropbox: c75bc9de617347d660494b059ad80eb234f0cf8c
  SwiftyTimer: db4458cfaf67fc71e16ad6e4637c60b86f76a649

PODFILE CHECKSUM: 697b6aebb1c4ec38ae0b95524d4215763bab3adc

COCOAPODS: 1.1.0.rc.2
